
Microsoft Visual Studio Solution File, Format Version 12.00
# Visual Studio 15
VisualStudioVersion = 15.0.28307.421
MinimumVisualStudioVersion = 10.0.40219.1
Project("{FAE04EC0-301F-11D3-BF4B-00C04F79EFBC}") = "andy-project1", "andy-project1\andy-project1.csproj", "{10FE2CC7-F0C5-422A-9A96-230515CBBAF8}"
EndProject
Global
	GlobalSection(SolutionConfigurationPlatforms) = preSolution
		Debug|Any CPU = Debug|Any CPU
		Release|Any CPU = Release|Any CPU
	EndGlobalSection
	GlobalSection(ProjectConfigurationPlatforms) = postSolution
		{10FE2CC7-F0C5-422A-9A96-230515CBBAF8}.Debug|Any CPU.ActiveCfg = Debug|Any CPU
		{10FE2CC7-F0C5-422A-9A96-230515CBBAF8}.Debug|Any CPU.Build.0 = Debug|Any CPU
		{10FE2CC7-F0C5-422A-9A96-230515CBBAF8}.Release|Any CPU.ActiveCfg = Release|Any CPU
		{10FE2CC7-F0C5-422A-9A96-230515CBBAF8}.Release|Any CPU.Build.0 = Release|Any CPU
	EndGlobalSection
	GlobalSection(SolutionProperties) = preSolution
		HideSolutionNode = FALSE
	EndGlobalSection
	GlobalSection(ExtensibilityGlobals) = postSolution
		SolutionGuid = {1FD9C6DA-380E-4743-830E-4D2CA9DFBE4D}
	EndGlobalSection
EndGlobal
