
Microsoft Visual Studio Solution File, Format Version 12.00
# Visual Studio 15
VisualStudioVersion = 15.0.28307.421
MinimumVisualStudioVersion = 10.0.40219.1
Project("{FAE04EC0-301F-11D3-BF4B-00C04F79EFBC}") = "ClothingStore.WebApp", "ClothingStore.WebApp\ClothingStore.WebApp.csproj", "{5371F40E-C45F-429D-8CB8-F5EAC5ED9873}"
EndProject
Project("{FAE04EC0-301F-11D3-BF4B-00C04F79EFBC}") = "ClothingStore.Lib", "ClothingStore.Lib\ClothingStore.Lib.csproj", "{EE3597E3-03CF-4616-848F-CC89000836BF}"
EndProject
Project("{FAE04EC0-301F-11D3-BF4B-00C04F79EFBC}") = "ClothingStore.Context", "ClothingStore.Context\ClothingStore.Context.csproj", "{31E490E5-4DF8-494C-A56E-2ADDCDBB2867}"
EndProject
Project("{FAE04EC0-301F-11D3-BF4B-00C04F79EFBC}") = "ClothingStore.Testing", "ClothingStore.Testing\ClothingStore.Testing.csproj", "{E39F477D-8A8C-48FA-854B-84E121FB6863}"
EndProject
Global
	GlobalSection(SolutionConfigurationPlatforms) = preSolution
		Debug|Any CPU = Debug|Any CPU
		Release|Any CPU = Release|Any CPU
	EndGlobalSection
	GlobalSection(ProjectConfigurationPlatforms) = postSolution
		{5371F40E-C45F-429D-8CB8-F5EAC5ED9873}.Debug|Any CPU.ActiveCfg = Debug|Any CPU
		{5371F40E-C45F-429D-8CB8-F5EAC5ED9873}.Debug|Any CPU.Build.0 = Debug|Any CPU
		{5371F40E-C45F-429D-8CB8-F5EAC5ED9873}.Release|Any CPU.ActiveCfg = Release|Any CPU
		{5371F40E-C45F-429D-8CB8-F5EAC5ED9873}.Release|Any CPU.Build.0 = Release|Any CPU
		{EE3597E3-03CF-4616-848F-CC89000836BF}.Debug|Any CPU.ActiveCfg = Debug|Any CPU
		{EE3597E3-03CF-4616-848F-CC89000836BF}.Debug|Any CPU.Build.0 = Debug|Any CPU
		{EE3597E3-03CF-4616-848F-CC89000836BF}.Release|Any CPU.ActiveCfg = Release|Any CPU
		{EE3597E3-03CF-4616-848F-CC89000836BF}.Release|Any CPU.Build.0 = Release|Any CPU
		{31E490E5-4DF8-494C-A56E-2ADDCDBB2867}.Debug|Any CPU.ActiveCfg = Debug|Any CPU
		{31E490E5-4DF8-494C-A56E-2ADDCDBB2867}.Debug|Any CPU.Build.0 = Debug|Any CPU
		{31E490E5-4DF8-494C-A56E-2ADDCDBB2867}.Release|Any CPU.ActiveCfg = Release|Any CPU
		{31E490E5-4DF8-494C-A56E-2ADDCDBB2867}.Release|Any CPU.Build.0 = Release|Any CPU
		{E39F477D-8A8C-48FA-854B-84E121FB6863}.Debug|Any CPU.ActiveCfg = Debug|Any CPU
		{E39F477D-8A8C-48FA-854B-84E121FB6863}.Debug|Any CPU.Build.0 = Debug|Any CPU
		{E39F477D-8A8C-48FA-854B-84E121FB6863}.Release|Any CPU.ActiveCfg = Release|Any CPU
		{E39F477D-8A8C-48FA-854B-84E121FB6863}.Release|Any CPU.Build.0 = Release|Any CPU
	EndGlobalSection
	GlobalSection(SolutionProperties) = preSolution
		HideSolutionNode = FALSE
	EndGlobalSection
	GlobalSection(ExtensibilityGlobals) = postSolution
		SolutionGuid = {7C71ED1A-4344-42B1-A2EF-B0FD4107F93F}
	EndGlobalSection
EndGlobal
